
Microsoft Visual Studio Solution File, Format Version 12.00
# Visual Studio Version 16
VisualStudioVersion = 16.0.34729.46
MinimumVisualStudioVersion = 10.0.40219.1
Project("{FAE04EC0-301F-11D3-BF4B-00C04F79EFBC}") = "lesson01", "lesson01\lesson01.csproj", "{C0E67B1C-0A72-45F8-B505-D33559E273A8}"
EndProject
Project("{FAE04EC0-301F-11D3-BF4B-00C04F79EFBC}") = "lab01.1", "lab01.1\lab01.1.csproj", "{BC21E190-B003-4BFF-960D-2BE8B2D8A335}"
EndProject
Global
	GlobalSection(SolutionConfigurationPlatforms) = preSolution
		Debug|Any CPU = Debug|Any CPU
		Release|Any CPU = Release|Any CPU
	EndGlobalSection
	GlobalSection(ProjectConfigurationPlatforms) = postSolution
		{C0E67B1C-0A72-45F8-B505-D33559E273A8}.Debug|Any CPU.ActiveCfg = Debug|Any CPU
		{C0E67B1C-0A72-45F8-B505-D33559E273A8}.Debug|Any CPU.Build.0 = Debug|Any CPU
		{C0E67B1C-0A72-45F8-B505-D33559E273A8}.Release|Any CPU.ActiveCfg = Release|Any CPU
		{C0E67B1C-0A72-45F8-B505-D33559E273A8}.Release|Any CPU.Build.0 = Release|Any CPU
		{BC21E190-B003-4BFF-960D-2BE8B2D8A335}.Debug|Any CPU.ActiveCfg = Debug|Any CPU
		{BC21E190-B003-4BFF-960D-2BE8B2D8A335}.Debug|Any CPU.Build.0 = Debug|Any CPU
		{BC21E190-B003-4BFF-960D-2BE8B2D8A335}.Release|Any CPU.ActiveCfg = Release|Any CPU
		{BC21E190-B003-4BFF-960D-2BE8B2D8A335}.Release|Any CPU.Build.0 = Release|Any CPU
	EndGlobalSection
	GlobalSection(SolutionProperties) = preSolution
		HideSolutionNode = FALSE
	EndGlobalSection
	GlobalSection(ExtensibilityGlobals) = postSolution
		SolutionGuid = {016938BB-2FFB-4BA9-AA63-6EE0DFDFD073}
	EndGlobalSection
EndGlobal
